
Microsoft Visual Studio Solution File, Format Version 12.00
# Visual Studio Version 17
VisualStudioVersion = 17.3.32825.248
MinimumVisualStudioVersion = 10.0.40219.1
Project("{FAE04EC0-301F-11D3-BF4B-00C04F79EFBC}") = "Binary Tree", "Binary Tree.csproj", "{AD2DAE3A-8382-4B8C-95FB-C0F6E3A99688}"
EndProject
Global
	GlobalSection(SolutionConfigurationPlatforms) = preSolution
		Debug|Any CPU = Debug|Any CPU
		Release|Any CPU = Release|Any CPU
	EndGlobalSection
	GlobalSection(ProjectConfigurationPlatforms) = postSolution
		{AD2DAE3A-8382-4B8C-95FB-C0F6E3A99688}.Debug|Any CPU.ActiveCfg = Debug|Any CPU
		{AD2DAE3A-8382-4B8C-95FB-C0F6E3A99688}.Debug|Any CPU.Build.0 = Debug|Any CPU
		{AD2DAE3A-8382-4B8C-95FB-C0F6E3A99688}.Release|Any CPU.ActiveCfg = Release|Any CPU
		{AD2DAE3A-8382-4B8C-95FB-C0F6E3A99688}.Release|Any CPU.Build.0 = Release|Any CPU
	EndGlobalSection
	GlobalSection(SolutionProperties) = preSolution
		HideSolutionNode = FALSE
	EndGlobalSection
	GlobalSection(ExtensibilityGlobals) = postSolution
		SolutionGuid = {1138A96D-D546-4317-ACDD-0AEA2F193F38}
	EndGlobalSection
EndGlobal
